
Microsoft Visual Studio Solution File, Format Version 12.00
Project("{FAE04EC0-301F-11D3-BF4B-00C04F79EFBC}") = "Clubass", "Clubass.csproj", "{FE9A2815-650D-48A8-99F3-8B8018F030E8}"
EndProject
Global
	GlobalSection(SolutionConfigurationPlatforms) = preSolution
		Debug|Any CPU = Debug|Any CPU
		Release|Any CPU = Release|Any CPU
	EndGlobalSection
	GlobalSection(ProjectConfigurationPlatforms) = postSolution
		{FE9A2815-650D-48A8-99F3-8B8018F030E8}.Debug|Any CPU.ActiveCfg = Debug|Any CPU
		{FE9A2815-650D-48A8-99F3-8B8018F030E8}.Debug|Any CPU.Build.0 = Debug|Any CPU
		{FE9A2815-650D-48A8-99F3-8B8018F030E8}.Release|Any CPU.ActiveCfg = Release|Any CPU
		{FE9A2815-650D-48A8-99F3-8B8018F030E8}.Release|Any CPU.Build.0 = Release|Any CPU
	EndGlobalSection
EndGlobal
